
Microsoft Visual Studio Solution File, Format Version 12.00
# Visual Studio Version 17
VisualStudioVersion = 17.14.36301.6
MinimumVisualStudioVersion = 10.0.40219.1
Project("{FAE04EC0-301F-11D3-BF4B-00C04F79EFBC}") = "NLHDotNetTrainingBatch3.ConsoleApp", "NLHDotNetTrainingBatch3.ConsoleApp\NLHDotNetTrainingBatch3.ConsoleApp.csproj", "{A714DD2F-5E00-4693-A2A2-C12561AA0726}"
EndProject
Project("{FAE04EC0-301F-11D3-BF4B-00C04F79EFBC}") = "NLHDotNetTrainingBatch3.ProductnSaleProject", "NLHDotNetTrainingBatch3.ProductnSaleProject\NLHDotNetTrainingBatch3.ProductnSaleProject.csproj", "{C6FC835B-9F21-4A99-A74A-7301C762ECF9}"
EndProject
Project("{FAE04EC0-301F-11D3-BF4B-00C04F79EFBC}") = "NLHDotNetTrainingBatch3.ProductnSaleDatabase", "NLHDotNetTrainingBatch3.ProductnSaleDatabase\NLHDotNetTrainingBatch3.ProductnSaleDatabase.csproj", "{B1E07541-EE33-499B-83EA-86134E6AF027}"
EndProject
Project("{FAE04EC0-301F-11D3-BF4B-00C04F79EFBC}") = "NLHDotNetTrainingBatch3.QuizSystem", "NLHDotNetTrainingBatch3.QuizSystem\NLHDotNetTrainingBatch3.QuizSystem.csproj", "{8F6BAF1E-27D1-414D-8061-89056CE389A8}"
EndProject
Project("{FAE04EC0-301F-11D3-BF4B-00C04F79EFBC}") = "LibrarySystemConsoleAppDapper", "LibrarySystemConsoleApp\LibrarySystemConsoleAppDapper.csproj", "{8A2F4B6F-2983-4CCF-8761-53414E738589}"
EndProject
Project("{FAE04EC0-301F-11D3-BF4B-00C04F79EFBC}") = "LibrarySystemConsoleApp2", "LibrarySystemConsoleApp2\LibrarySystemConsoleApp2.csproj", "{EFDC79B7-C2A0-4FA5-8F73-A5B94F5EAD10}"
EndProject
Project("{FAE04EC0-301F-11D3-BF4B-00C04F79EFBC}") = "LibrarySystemDatabase", "LibrarySystemDatabase\LibrarySystemDatabase.csproj", "{1CC5BC51-FF12-4319-9121-CF96B144A7D1}"
EndProject
Project("{2150E333-8FDC-42A3-9474-1A3956D46DE8}") = "Solution Items", "Solution Items", "{8EC462FD-D22E-90A8-E5CE-7E832BA40C5D}"
	ProjectSection(SolutionItems) = preProject
		note.txt = note.txt
	EndProjectSection
EndProject
Project("{FAE04EC0-301F-11D3-BF4B-00C04F79EFBC}") = "RestAPI", "RestAPI\RestAPI.csproj", "{1269D283-E7E5-4D5C-BEA8-16CE416EECCC}"
EndProject
Global
	GlobalSection(SolutionConfigurationPlatforms) = preSolution
		Debug|Any CPU = Debug|Any CPU
		Release|Any CPU = Release|Any CPU
	EndGlobalSection
	GlobalSection(ProjectConfigurationPlatforms) = postSolution
		{A714DD2F-5E00-4693-A2A2-C12561AA0726}.Debug|Any CPU.ActiveCfg = Debug|Any CPU
		{A714DD2F-5E00-4693-A2A2-C12561AA0726}.Debug|Any CPU.Build.0 = Debug|Any CPU
		{A714DD2F-5E00-4693-A2A2-C12561AA0726}.Release|Any CPU.ActiveCfg = Release|Any CPU
		{A714DD2F-5E00-4693-A2A2-C12561AA0726}.Release|Any CPU.Build.0 = Release|Any CPU
		{C6FC835B-9F21-4A99-A74A-7301C762ECF9}.Debug|Any CPU.ActiveCfg = Debug|Any CPU
		{C6FC835B-9F21-4A99-A74A-7301C762ECF9}.Debug|Any CPU.Build.0 = Debug|Any CPU
		{C6FC835B-9F21-4A99-A74A-7301C762ECF9}.Release|Any CPU.ActiveCfg = Release|Any CPU
		{C6FC835B-9F21-4A99-A74A-7301C762ECF9}.Release|Any CPU.Build.0 = Release|Any CPU
		{B1E07541-EE33-499B-83EA-86134E6AF027}.Debug|Any CPU.ActiveCfg = Debug|Any CPU
		{B1E07541-EE33-499B-83EA-86134E6AF027}.Debug|Any CPU.Build.0 = Debug|Any CPU
		{B1E07541-EE33-499B-83EA-86134E6AF027}.Release|Any CPU.ActiveCfg = Release|Any CPU
		{B1E07541-EE33-499B-83EA-86134E6AF027}.Release|Any CPU.Build.0 = Release|Any CPU
		{8F6BAF1E-27D1-414D-8061-89056CE389A8}.Debug|Any CPU.ActiveCfg = Debug|Any CPU
		{8F6BAF1E-27D1-414D-8061-89056CE389A8}.Debug|Any CPU.Build.0 = Debug|Any CPU
		{8F6BAF1E-27D1-414D-8061-89056CE389A8}.Release|Any CPU.ActiveCfg = Release|Any CPU
		{8F6BAF1E-27D1-414D-8061-89056CE389A8}.Release|Any CPU.Build.0 = Release|Any CPU
		{8A2F4B6F-2983-4CCF-8761-53414E738589}.Debug|Any CPU.ActiveCfg = Debug|Any CPU
		{8A2F4B6F-2983-4CCF-8761-53414E738589}.Debug|Any CPU.Build.0 = Debug|Any CPU
		{8A2F4B6F-2983-4CCF-8761-53414E738589}.Release|Any CPU.ActiveCfg = Release|Any CPU
		{8A2F4B6F-2983-4CCF-8761-53414E738589}.Release|Any CPU.Build.0 = Release|Any CPU
		{EFDC79B7-C2A0-4FA5-8F73-A5B94F5EAD10}.Debug|Any CPU.ActiveCfg = Debug|Any CPU
		{EFDC79B7-C2A0-4FA5-8F73-A5B94F5EAD10}.Debug|Any CPU.Build.0 = Debug|Any CPU
		{EFDC79B7-C2A0-4FA5-8F73-A5B94F5EAD10}.Release|Any CPU.ActiveCfg = Release|Any CPU
		{EFDC79B7-C2A0-4FA5-8F73-A5B94F5EAD10}.Release|Any CPU.Build.0 = Release|Any CPU
		{1CC5BC51-FF12-4319-9121-CF96B144A7D1}.Debug|Any CPU.ActiveCfg = Debug|Any CPU
		{1CC5BC51-FF12-4319-9121-CF96B144A7D1}.Debug|Any CPU.Build.0 = Debug|Any CPU
		{1CC5BC51-FF12-4319-9121-CF96B144A7D1}.Release|Any CPU.ActiveCfg = Release|Any CPU
		{1CC5BC51-FF12-4319-9121-CF96B144A7D1}.Release|Any CPU.Build.0 = Release|Any CPU
		{1269D283-E7E5-4D5C-BEA8-16CE416EECCC}.Debug|Any CPU.ActiveCfg = Debug|Any CPU
		{1269D283-E7E5-4D5C-BEA8-16CE416EECCC}.Debug|Any CPU.Build.0 = Debug|Any CPU
		{1269D283-E7E5-4D5C-BEA8-16CE416EECCC}.Release|Any CPU.ActiveCfg = Release|Any CPU
		{1269D283-E7E5-4D5C-BEA8-16CE416EECCC}.Release|Any CPU.Build.0 = Release|Any CPU
	EndGlobalSection
	GlobalSection(SolutionProperties) = preSolution
		HideSolutionNode = FALSE
	EndGlobalSection
	GlobalSection(ExtensibilityGlobals) = postSolution
		SolutionGuid = {AFB4100B-108A-47B8-9592-64C78E91CD2A}
	EndGlobalSection
EndGlobal
