
Microsoft Visual Studio Solution File, Format Version 12.00
# Visual Studio Version 17
VisualStudioVersion = 17.14.36301.6 d17.14
MinimumVisualStudioVersion = 10.0.40219.1
Project("{FAE04EC0-301F-11D3-BF4B-00C04F79EFBC}") = "NLHDotNetTrainingBatch3.ThemeMvcApp", "NLHDotNetTrainingBatch3.ThemeMvcApp\NLHDotNetTrainingBatch3.ThemeMvcApp.csproj", "{F2C1C008-3561-417A-97D0-CC395A06A646}"
EndProject
Project("{FAE04EC0-301F-11D3-BF4B-00C04F79EFBC}") = "ThemeMvcAppDatabase", "ThemeMvcAppDatabase\ThemeMvcAppDatabase.csproj", "{194E7D78-137B-4532-A5FD-B583D130780A}"
EndProject
Global
	GlobalSection(SolutionConfigurationPlatforms) = preSolution
		Debug|Any CPU = Debug|Any CPU
		Release|Any CPU = Release|Any CPU
	EndGlobalSection
	GlobalSection(ProjectConfigurationPlatforms) = postSolution
		{F2C1C008-3561-417A-97D0-CC395A06A646}.Debug|Any CPU.ActiveCfg = Debug|Any CPU
		{F2C1C008-3561-417A-97D0-CC395A06A646}.Debug|Any CPU.Build.0 = Debug|Any CPU
		{F2C1C008-3561-417A-97D0-CC395A06A646}.Release|Any CPU.ActiveCfg = Release|Any CPU
		{F2C1C008-3561-417A-97D0-CC395A06A646}.Release|Any CPU.Build.0 = Release|Any CPU
		{194E7D78-137B-4532-A5FD-B583D130780A}.Debug|Any CPU.ActiveCfg = Debug|Any CPU
		{194E7D78-137B-4532-A5FD-B583D130780A}.Debug|Any CPU.Build.0 = Debug|Any CPU
		{194E7D78-137B-4532-A5FD-B583D130780A}.Release|Any CPU.ActiveCfg = Release|Any CPU
		{194E7D78-137B-4532-A5FD-B583D130780A}.Release|Any CPU.Build.0 = Release|Any CPU
	EndGlobalSection
	GlobalSection(SolutionProperties) = preSolution
		HideSolutionNode = FALSE
	EndGlobalSection
	GlobalSection(ExtensibilityGlobals) = postSolution
		SolutionGuid = {4A4A807B-A56E-43A8-BE99-9A4672B95334}
	EndGlobalSection
EndGlobal
